
Microsoft Visual Studio Solution File, Format Version 12.00
# Visual Studio Version 16
VisualStudioVersion = 16.0.29025.244
MinimumVisualStudioVersion = 10.0.40219.1
Project("{FAE04EC0-301F-11D3-BF4B-00C04F79EFBC}") = "Chessy", "Chessy\Chessy.csproj", "{920571E7-2193-4119-86C3-4F2D6C08DE11}"
EndProject
Global
	GlobalSection(SolutionConfigurationPlatforms) = preSolution
		Debug|Any CPU = Debug|Any CPU
		Release|Any CPU = Release|Any CPU
	EndGlobalSection
	GlobalSection(ProjectConfigurationPlatforms) = postSolution
		{920571E7-2193-4119-86C3-4F2D6C08DE11}.Debug|Any CPU.ActiveCfg = Debug|Any CPU
		{920571E7-2193-4119-86C3-4F2D6C08DE11}.Debug|Any CPU.Build.0 = Debug|Any CPU
		{920571E7-2193-4119-86C3-4F2D6C08DE11}.Release|Any CPU.ActiveCfg = Release|Any CPU
		{920571E7-2193-4119-86C3-4F2D6C08DE11}.Release|Any CPU.Build.0 = Release|Any CPU
	EndGlobalSection
	GlobalSection(SolutionProperties) = preSolution
		HideSolutionNode = FALSE
	EndGlobalSection
	GlobalSection(ExtensibilityGlobals) = postSolution
		SolutionGuid = {9A488C53-4E15-4721-8799-2389DACDD747}
	EndGlobalSection
EndGlobal
